{
    "_meta": {
        "hash": {
            "sha256": "0227785bbe67414a2fa9e34443b7c93577dfeb127731e4b86b5b5799cbbcca28"
        },
        "pipfile-spec": 6,
        "requires": {
            "python_version": "3.11"
        },
        "sources": [
            {
                "name": "pypi",
                "url": "https://pypi.org/simple",
                "verify_ssl": true
            }
        ]
    },
    "default": {
        "pycryptodomex": {
            "hashes": [
                "sha256:0af93aad8d62e810247beedef0261c148790c52f3cd33643791cc6396dd217c1",
                "sha256:12056c38e49d972f9c553a3d598425f8a1c1d35b2e4330f89d5ff1ffb70de041",
                "sha256:23d83b610bd97704f0cd3acc48d99b76a15c8c1540d8665c94d514a49905bad7",
                "sha256:2d4d395f109faba34067a08de36304e846c791808524614c731431ee048fe70a",
                "sha256:32e764322e902bbfac49ca1446604d2839381bbbdd5a57920c9daaf2e0b778df",
                "sha256:3c2516b42437ae6c7a29ef3ddc73c8d4714e7b6df995b76be4695bbe4b3b5cd2",
                "sha256:40e8a11f578bd0851b02719c862d55d3ee18d906c8b68a9c09f8c564d6bb5b92",
                "sha256:4b51e826f0a04d832eda0790bbd0665d9bfe73e5a4d8ea93b6a9b38beeebe935",
                "sha256:4c4674f4b040321055c596aac926d12f7f6859dfe98cd12f4d9453b43ab6adc8",
                "sha256:55eed98b4150a744920597c81b3965b632038781bab8a08a12ea1d004213c600",
                "sha256:599bb4ae4bbd614ca05f49bd4e672b7a250b80b13ae1238f05fd0f09d87ed80a",
                "sha256:5c23482860302d0d9883404eaaa54b0615eefa5274f70529703e2c43cc571827",
                "sha256:64b876d57cb894b31056ad8dd6a6ae1099b117ae07a3d39707221133490e5715",
                "sha256:67a3648025e4ddb72d43addab764336ba2e670c8377dba5dd752e42285440d31",
                "sha256:6feedf4b0e36b395329b4186a805f60f900129cdf0170e120ecabbfcb763995d",
                "sha256:78f0ddd4adc64baa39b416f3637aaf99f45acb0bcdc16706f0cc7ebfc6f10109",
                "sha256:7a6651a07f67c28b6e978d63aa3a3fccea0feefed9a8453af3f7421a758461b7",
                "sha256:7a8dc3ee7a99aae202a4db52de5a08aa4d01831eb403c4d21da04ec2f79810db",
                "sha256:7cc28dd33f1f3662d6da28ead4f9891035f63f49d30267d3b41194c8778997c8",
                "sha256:7fa0b52df90343fafe319257b31d909be1d2e8852277fb0376ba89d26d2921db",
                "sha256:88b0d5bb87eaf2a31e8a759302b89cf30c97f2f8ca7d83b8c9208abe8acb447a",
                "sha256:a4fa037078e92c7cc49f6789a8bac3de06856740bb2038d05f2d9a2e4b165d59",
                "sha256:a57e3257bacd719769110f1f70dd901c5b6955e9596ad403af11a3e6e7e3311c",
                "sha256:ab33c2d9f275e05e235dbca1063753b5346af4a5cac34a51fa0da0d4edfb21d7",
                "sha256:c84689c73358dfc23f9fdcff2cb9e7856e65e2ce3b5ed8ff630d4c9bdeb1867b",
                "sha256:c92537b596bd5bffb82f8964cabb9fef1bca8a28a9e0a69ffd3ec92a4a7ad41b",
                "sha256:caa937ff29d07a665dfcfd7a84f0d4207b2ebf483362fa9054041d67fdfacc20",
                "sha256:d38ab9e53b1c09608ba2d9b8b888f1e75d6f66e2787e437adb1fecbffec6b112",
                "sha256:d4cf0128da167562c49b0e034f09e9cedd733997354f2314837c2fa461c87bb1",
                "sha256:db23d7341e21b273d2440ec6faf6c8b1ca95c8894da612e165be0b89a8688340",
                "sha256:ee8bf4fdcad7d66beb744957db8717afc12d176e3fd9c5d106835133881a049b",
                "sha256:f854c8476512cebe6a8681cc4789e4fcff6019c17baa0fd72b459155dc605ab4",
                "sha256:fd29d35ac80755e5c0a99d96b44fb9abbd7e871849581ea6a4cb826d24267537"
            ],
            "index": "pypi",
            "version": "==3.17"
        }
    },
    "develop": {}
}
